
Microsoft Visual Studio Solution File, Format Version 12.00
# Visual Studio Version 16
VisualStudioVersion = 16.0.29306.81
MinimumVisualStudioVersion = 10.0.40219.1
Project("{FAE04EC0-301F-11D3-BF4B-00C04F79EFBC}") = "BarnsleyFern", "BarnsleyFern\BarnsleyFern.csproj", "{20479286-8BFC-4E02-8DB2-BB5E83722038}"
EndProject
Global
	GlobalSection(SolutionConfigurationPlatforms) = preSolution
		Debug|Any CPU = Debug|Any CPU
		Release|Any CPU = Release|Any CPU
	EndGlobalSection
	GlobalSection(ProjectConfigurationPlatforms) = postSolution
		{20479286-8BFC-4E02-8DB2-BB5E83722038}.Debug|Any CPU.ActiveCfg = Debug|Any CPU
		{20479286-8BFC-4E02-8DB2-BB5E83722038}.Debug|Any CPU.Build.0 = Debug|Any CPU
		{20479286-8BFC-4E02-8DB2-BB5E83722038}.Release|Any CPU.ActiveCfg = Release|Any CPU
		{20479286-8BFC-4E02-8DB2-BB5E83722038}.Release|Any CPU.Build.0 = Release|Any CPU
	EndGlobalSection
	GlobalSection(SolutionProperties) = preSolution
		HideSolutionNode = FALSE
	EndGlobalSection
	GlobalSection(ExtensibilityGlobals) = postSolution
		SolutionGuid = {0BE3A600-51DC-41D8-B47D-06ED93ED3FA7}
	EndGlobalSection
EndGlobal
