
Microsoft Visual Studio Solution File, Format Version 12.00
# Visual Studio Version 16
VisualStudioVersion = 16.0.30717.126
MinimumVisualStudioVersion = 10.0.40219.1
Project("{FAE04EC0-301F-11D3-BF4B-00C04F79EFBC}") = "Fireworks", "Fireworks\Fireworks.csproj", "{8989B553-A6F0-434F-8AA0-DA453E66BBFD}"
EndProject
Global
	GlobalSection(SolutionConfigurationPlatforms) = preSolution
		Debug|Any CPU = Debug|Any CPU
		Release|Any CPU = Release|Any CPU
	EndGlobalSection
	GlobalSection(ProjectConfigurationPlatforms) = postSolution
		{8989B553-A6F0-434F-8AA0-DA453E66BBFD}.Debug|Any CPU.ActiveCfg = Debug|Any CPU
		{8989B553-A6F0-434F-8AA0-DA453E66BBFD}.Debug|Any CPU.Build.0 = Debug|Any CPU
		{8989B553-A6F0-434F-8AA0-DA453E66BBFD}.Release|Any CPU.ActiveCfg = Release|Any CPU
		{8989B553-A6F0-434F-8AA0-DA453E66BBFD}.Release|Any CPU.Build.0 = Release|Any CPU
	EndGlobalSection
	GlobalSection(SolutionProperties) = preSolution
		HideSolutionNode = FALSE
	EndGlobalSection
	GlobalSection(ExtensibilityGlobals) = postSolution
		SolutionGuid = {44631FF7-4794-403B-9D1C-1B38582B3974}
	EndGlobalSection
EndGlobal
